// !$*UTF8*$!
{
	archiveVersion = 1;
	classes = {
	};
	objectVersion = 46;
	objects = {

/* Begin PBXBuildFile section */
		3F0C99251E4A3C4500A8FDA4 /* AppDelegate.swift in Sources */ = {isa = PBXBuildFile; fileRef = 3F0C99241E4A3C4500A8FDA4 /* AppDelegate.swift */; };
		3F0C99271E4A3C4500A8FDA4 /* MasterViewController.swift in Sources */ = {isa = PBXBuildFile; fileRef = 3F0C99261E4A3C4500A8FDA4 /* MasterViewController.swift */; };
		3F0C99291E4A3C4500A8FDA4 /* DetailViewController.swift in Sources */ = {isa = PBXBuildFile; fileRef = 3F0C99281E4A3C4500A8FDA4 /* DetailViewController.swift */; };
		3F0C992C1E4A3C4500A8FDA4 /* Main.storyboard in Resources */ = {isa = PBXBuildFile; fileRef = 3F0C992A1E4A3C4500A8FDA4 /* Main.storyboard */; };
		3F0C992E1E4A3C4500A8FDA4 /* Assets.xcassets in Resources */ = {isa = PBXBuildFile; fileRef = 3F0C992D1E4A3C4500A8FDA4 /* Assets.xcassets */; };
		3F0C99311E4A3C4500A8FDA4 /* LaunchScreen.storyboard in Resources */ = {isa = PBXBuildFile; fileRef = 3F0C992F1E4A3C4500A8FDA4 /* LaunchScreen.storyboard */; };
		3F0C993C1E4A3C4600A8FDA4 /* College_Profile_BuliderTests.swift in Sources */ = {isa = PBXBuildFile; fileRef = 3F0C993B1E4A3C4600A8FDA4 /* College_Profile_BuliderTests.swift */; };
		3F0C99471E4A3C4600A8FDA4 /* College_Profile_BuliderUITests.swift in Sources */ = {isa = PBXBuildFile; fileRef = 3F0C99461E4A3C4600A8FDA4 /* College_Profile_BuliderUITests.swift */; };
/* End PBXBuildFile section */

/* Begin PBXContainerItemProxy section */
		3F0C99381E4A3C4600A8FDA4 /* PBXContainerItemProxy */ = {
			isa = PBXContainerItemProxy;
			containerPortal = 3F0C99191E4A3C4500A8FDA4 /* Project object */;
			proxyType = 1;
			remoteGlobalIDString = 3F0C99201E4A3C4500A8FDA4;
			remoteInfo = "College Profile Bulider";
		};
		3F0C99431E4A3C4600A8FDA4 /* PBXContainerItemProxy */ = {
			isa = PBXContainerItemProxy;
			containerPortal = 3F0C99191E4A3C4500A8FDA4 /* Project object */;
			proxyType = 1;
			remoteGlobalIDString = 3F0C99201E4A3C4500A8FDA4;
			remoteInfo = "College Profile Bulider";
		};
/* End PBXContainerItemProxy section */

/* Begin PBXFileReference section */
		3F0C99211E4A3C4500A8FDA4 /* College Profile Bulider.app */ = {isa = PBXFileReference; explicitFileType = wrapper.application; includeInIndex = 0; path = "College Profile Bulider.app"; sourceTree = BUILT_PRODUCTS_DIR; };
		3F0C99241E4A3C4500A8FDA4 /* AppDelegate.swift */ = {isa = PBXFileReference; lastKnownFileType = sourcecode.swift; path = AppDelegate.swift; sourceTree = "<group>"; };
		3F0C99261E4A3C4500A8FDA4 /* MasterViewController.swift */ = {isa = PBXFileReference; lastKnownFileType = sourcecode.swift; path = MasterViewController.swift; sourceTree = "<group>"; };
		3F0C99281E4A3C4500A8FDA4 /* DetailViewController.swift */ = {isa = PBXFileReference; lastKnownFileType = sourcecode.swift; path = DetailViewController.swift; sourceTree = "<group>"; };
		3F0C992B1E4A3C4500A8FDA4 /* Base */ = {isa = PBXFileReference; lastKnownFileType = file.storyboard; name = Base; path = Base.lproj/Main.storyboard; sourceTree = "<group>"; };
		3F0C992D1E4A3C4500A8FDA4 /* Assets.xcassets */ = {isa = PBXFileReference; lastKnownFileType = folder.assetcatalog; path = Assets.xcassets; sourceTree = "<group>"; };
		3F0C99301E4A3C4500A8FDA4 /* Base */ = {isa = PBXFileReference; lastKnownFileType = file.storyboard; name = Base; path = Base.lproj/LaunchScreen.storyboard; sourceTree = "<group>"; };
		3F0C99321E4A3C4500A8FDA4 /* Info.plist */ = {isa = PBXFileReference; lastKnownFileType = text.plist.xml; path = Info.plist; sourceTree = "<group>"; };
		3F0C99371E4A3C4600A8FDA4 /* College Profile BuliderTests.xctest */ = {isa = PBXFileReference; explicitFileType = wrapper.cfbundle; includeInIndex = 0; path = "College Profile BuliderTests.xctest"; sourceTree = BUILT_PRODUCTS_DIR; };
		3F0C993B1E4A3C4600A8FDA4 /* College_Profile_BuliderTests.swift */ = {isa = PBXFileReference; lastKnownFileType = sourcecode.swift; path = College_Profile_BuliderTests.swift; sourceTree = "<group>"; };
		3F0C993D1E4A3C4600A8FDA4 /* Info.plist */ = {isa = PBXFileReference; lastKnownFileType = text.plist.xml; path = Info.plist; sourceTree = "<group>"; };
		3F0C99421E4A3C4600A8FDA4 /* College Profile BuliderUITests.xctest */ = {isa = PBXFileReference; explicitFileType = wrapper.cfbundle; includeInIndex = 0; path = "College Profile BuliderUITests.xctest"; sourceTree = BUILT_PRODUCTS_DIR; };
		3F0C99461E4A3C4600A8FDA4 /* College_Profile_BuliderUITests.swift */ = {isa = PBXFileReference; lastKnownFileType = sourcecode.swift; path = College_Profile_BuliderUITests.swift; sourceTree = "<group>"; };
		3F0C99481E4A3C4600A8FDA4 /* Info.plist */ = {isa = PBXFileReference; lastKnownFileType = text.plist.xml; path = Info.plist; sourceTree = "<group>"; };
/* End PBXFileReference section */

/* Begin PBXFrameworksBuildPhase section */
		3F0C991E1E4A3C4500A8FDA4 /* Frameworks */ = {
			isa = PBXFrameworksBuildPhase;
			buildActionMask = 2147483647;
			files = (
			);
			runOnlyForDeploymentPostprocessing = 0;
		};
		3F0C99341E4A3C4600A8FDA4 /* Frameworks */ = {
			isa = PBXFrameworksBuildPhase;
			buildActionMask = 2147483647;
			files = (
			);
			runOnlyForDeploymentPostprocessing = 0;
		};
		3F0C993F1E4A3C4600A8FDA4 /* Frameworks */ = {
			isa = PBXFrameworksBuildPhase;
			buildActionMask = 2147483647;
			files = (
			);
			runOnlyForDeploymentPostprocessing = 0;
		};
/* End PBXFrameworksBuildPhase section */

/* Begin PBXGroup section */
		3F0C99181E4A3C4500A8FDA4 = {
			isa = PBXGroup;
			children = (
				3F0C99231E4A3C4500A8FDA4 /* College Profile Bulider */,
				3F0C993A1E4A3C4600A8FDA4 /* College Profile BuliderTests */,
				3F0C99451E4A3C4600A8FDA4 /* College Profile BuliderUITests */,
				3F0C99221E4A3C4500A8FDA4 /* Products */,
			);
			sourceTree = "<group>";
		};
		3F0C99221E4A3C4500A8FDA4 /* Products */ = {
			isa = PBXGroup;
			children = (
				3F0C99211E4A3C4500A8FDA4 /* College Profile Bulider.app */,
				3F0C99371E4A3C4600A8FDA4 /* College Profile BuliderTests.xctest */,
				3F0C99421E4A3C4600A8FDA4 /* College Profile BuliderUITests.xctest */,
			);
			name = Products;
			sourceTree = "<group>";
		};
		3F0C99231E4A3C4500A8FDA4 /* College Profile Bulider */ = {
			isa = PBXGroup;
			children = (
				3F0C99241E4A3C4500A8FDA4 /* AppDelegate.swift */,
				3F0C99261E4A3C4500A8FDA4 /* MasterViewController.swift */,
				3F0C99281E4A3C4500A8FDA4 /* DetailViewController.swift */,
				3F0C992A1E4A3C4500A8FDA4 /* Main.storyboard */,
				3F0C992D1E4A3C4500A8FDA4 /* Assets.xcassets */,
				3F0C992F1E4A3C4500A8FDA4 /* LaunchScreen.storyboard */,
				3F0C99321E4A3C4500A8FDA4 /* Info.plist */,
			);
			path = "College Profile Bulider";
			sourceTree = "<group>";
		};
		3F0C993A1E4A3C4600A8FDA4 /* College Profile BuliderTests */ = {
			isa = PBXGroup;
			children = (
				3F0C993B1E4A3C4600A8FDA4 /* College_Profile_BuliderTests.swift */,
				3F0C993D1E4A3C4600A8FDA4 /* Info.plist */,
			);
			path = "College Profile BuliderTests";
			sourceTree = "<group>";
		};
		3F0C99451E4A3C4600A8FDA4 /* College Profile BuliderUITests */ = {
			isa = PBXGroup;
			children = (
				3F0C99461E4A3C4600A8FDA4 /* College_Profile_BuliderUITests.swift */,
				3F0C99481E4A3C4600A8FDA4 /* Info.plist */,
			);
			path = "College Profile BuliderUITests";
			sourceTree = "<group>";
		};
/* End PBXGroup section */

/* Begin PBXNativeTarget section */
		3F0C99201E4A3C4500A8FDA4 /* College Profile Bulider */ = {
			isa = PBXNativeTarget;
			buildConfigurationList = 3F0C994B1E4A3C4600A8FDA4 /* Build configuration list for PBXNativeTarget "College Profile Bulider" */;
			buildPhases = (
				3F0C991D1E4A3C4500A8FDA4 /* Sources */,
				3F0C991E1E4A3C4500A8FDA4 /* Frameworks */,
				3F0C991F1E4A3C4500A8FDA4 /* Resources */,
			);
			buildRules = (
			);
			dependencies = (
			);
			name = "College Profile Bulider";
			productName = "College Profile Bulider";
			productReference = 3F0C99211E4A3C4500A8FDA4 /* College Profile Bulider.app */;
			productType = "com.apple.product-type.application";
		};
		3F0C99361E4A3C4600A8FDA4 /* College Profile BuliderTests */ = {
			isa = PBXNativeTarget;
			buildConfigurationList = 3F0C994E1E4A3C4600A8FDA4 /* Build configuration list for PBXNativeTarget "College Profile BuliderTests" */;
			buildPhases = (
				3F0C99331E4A3C4600A8FDA4 /* Sources */,
				3F0C99341E4A3C4600A8FDA4 /* Frameworks */,
				3F0C99351E4A3C4600A8FDA4 /* Resources */,
			);
			buildRules = (
			);
			dependencies = (
				3F0C99391E4A3C4600A8FDA4 /* PBXTargetDependency */,
			);
			name = "College Profile BuliderTests";
			productName = "College Profile BuliderTests";
			productReference = 3F0C99371E4A3C4600A8FDA4 /* College Profile BuliderTests.xctest */;
			productType = "com.apple.product-type.bundle.unit-test";
		};
		3F0C99411E4A3C4600A8FDA4 /* College Profile BuliderUITests */ = {
			isa = PBXNativeTarget;
			buildConfigurationList = 3F0C99511E4A3C4600A8FDA4 /* Build configuration list for PBXNativeTarget "College Profile BuliderUITests" */;
			buildPhases = (
				3F0C993E1E4A3C4600A8FDA4 /* Sources */,
				3F0C993F1E4A3C4600A8FDA4 /* Frameworks */,
				3F0C99401E4A3C4600A8FDA4 /* Resources */,
			);
			buildRules = (
			);
			dependencies = (
				3F0C99441E4A3C4600A8FDA4 /* PBXTargetDependency */,
			);
			name = "College Profile BuliderUITests";
			productName = "College Profile BuliderUITests";
			productReference = 3F0C99421E4A3C4600A8FDA4 /* College Profile BuliderUITests.xctest */;
			productType = "com.apple.product-type.bundle.ui-testing";
		};
/* End PBXNativeTarget section */

/* Begin PBXProject section */
		3F0C99191E4A3C4500A8FDA4 /* Project object */ = {
			isa = PBXProject;
			attributes = {
				LastSwiftUpdateCheck = 0820;
				LastUpgradeCheck = 0820;
				ORGANIZATIONNAME = JenMachuca;
				TargetAttributes = {
					3F0C99201E4A3C4500A8FDA4 = {
						CreatedOnToolsVersion = 8.2.1;
						ProvisioningStyle = Automatic;
					};
					3F0C99361E4A3C4600A8FDA4 = {
						CreatedOnToolsVersion = 8.2.1;
						ProvisioningStyle = Automatic;
						TestTargetID = 3F0C99201E4A3C4500A8FDA4;
					};
					3F0C99411E4A3C4600A8FDA4 = {
						CreatedOnToolsVersion = 8.2.1;
						ProvisioningStyle = Automatic;
						TestTargetID = 3F0C99201E4A3C4500A8FDA4;
					};
				};
			};
			buildConfigurationList = 3F0C991C1E4A3C4500A8FDA4 /* Build configuration list for PBXProject "College Profile Bulider" */;
			compatibilityVersion = "Xcode 3.2";
			developmentRegion = English;
			hasScannedForEncodings = 0;
			knownRegions = (
				en,
				Base,
			);
			mainGroup = 3F0C99181E4A3C4500A8FDA4;
			productRefGroup = 3F0C99221E4A3C4500A8FDA4 /* Products */;
			projectDirPath = "";
			projectRoot = "";
			targets = (
				3F0C99201E4A3C4500A8FDA4 /* College Profile Bulider */,
				3F0C99361E4A3C4600A8FDA4 /* College Profile BuliderTests */,
				3F0C99411E4A3C4600A8FDA4 /* College Profile BuliderUITests */,
			);
		};
/* End PBXProject section */

/* Begin PBXResourcesBuildPhase section */
		3F0C991F1E4A3C4500A8FDA4 /* Resources */ = {
			isa = PBXResourcesBuildPhase;
			buildActionMask = 2147483647;
			files = (
				3F0C99311E4A3C4500A8FDA4 /* LaunchScreen.storyboard in Resources */,
				3F0C992E1E4A3C4500A8FDA4 /* Assets.xcassets in Resources */,
				3F0C992C1E4A3C4500A8FDA4 /* Main.storyboard in Resources */,
			);
			runOnlyForDeploymentPostprocessing = 0;
		};
		3F0C99351E4A3C4600A8FDA4 /* Resources */ = {
			isa = PBXResourcesBuildPhase;
			buildActionMask = 2147483647;
			files = (
			);
			runOnlyForDeploymentPostprocessing = 0;
		};
		3F0C99401E4A3C4600A8FDA4 /* Resources */ = {
			isa = PBXResourcesBuildPhase;
			buildActionMask = 2147483647;
			files = (
			);
			runOnlyForDeploymentPostprocessing = 0;
		};
/* End PBXResourcesBuildPhase section */

/* Begin PBXSourcesBuildPhase section */
		3F0C991D1E4A3C4500A8FDA4 /* Sources */ = {
			isa = PBXSourcesBuildPhase;
			buildActionMask = 2147483647;
			files = (
				3F0C99291E4A3C4500A8FDA4 /* DetailViewController.swift in Sources */,
				3F0C99271E4A3C4500A8FDA4 /* MasterViewController.swift in Sources */,
				3F0C99251E4A3C4500A8FDA4 /* AppDelegate.swift in Sources */,
			);
			runOnlyForDeploymentPostprocessing = 0;
		};
		3F0C99331E4A3C4600A8FDA4 /* Sources */ = {
			isa = PBXSourcesBuildPhase;
			buildActionMask = 2147483647;
			files = (
				3F0C993C1E4A3C4600A8FDA4 /* College_Profile_BuliderTests.swift in Sources */,
			);
			runOnlyForDeploymentPostprocessing = 0;
		};
		3F0C993E1E4A3C4600A8FDA4 /* Sources */ = {
			isa = PBXSourcesBuildPhase;
			buildActionMask = 2147483647;
			files = (
				3F0C99471E4A3C4600A8FDA4 /* College_Profile_BuliderUITests.swift in Sources */,
			);
			runOnlyForDeploymentPostprocessing = 0;
		};
/* End PBXSourcesBuildPhase section */

/* Begin PBXTargetDependency section */
		3F0C99391E4A3C4600A8FDA4 /* PBXTargetDependency */ = {
			isa = PBXTargetDependency;
			target = 3F0C99201E4A3C4500A8FDA4 /* College Profile Bulider */;
			targetProxy = 3F0C99381E4A3C4600A8FDA4 /* PBXContainerItemProxy */;
		};
		3F0C99441E4A3C4600A8FDA4 /* PBXTargetDependency */ = {
			isa = PBXTargetDependency;
			target = 3F0C99201E4A3C4500A8FDA4 /* College Profile Bulider */;
			targetProxy = 3F0C99431E4A3C4600A8FDA4 /* PBXContainerItemProxy */;
		};
/* End PBXTargetDependency section */

/* Begin PBXVariantGroup section */
		3F0C992A1E4A3C4500A8FDA4 /* Main.storyboard */ = {
			isa = PBXVariantGroup;
			children = (
				3F0C992B1E4A3C4500A8FDA4 /* Base */,
			);
			name = Main.storyboard;
			sourceTree = "<group>";
		};
		3F0C992F1E4A3C4500A8FDA4 /* LaunchScreen.storyboard */ = {
			isa = PBXVariantGroup;
			children = (
				3F0C99301E4A3C4500A8FDA4 /* Base */,
			);
			name = LaunchScreen.storyboard;
			sourceTree = "<group>";
		};
/* End PBXVariantGroup section */

/* Begin XCBuildConfiguration section */
		3F0C99491E4A3C4600A8FDA4 /* Debug */ = {
			isa = XCBuildConfiguration;
			buildSettings = {
				ALWAYS_SEARCH_USER_PATHS = NO;
				CLANG_ANALYZER_NONNULL = YES;
				CLANG_CXX_LANGUAGE_STANDARD = "gnu++0x";
				CLANG_CXX_LIBRARY = "libc++";
				CLANG_ENABLE_MODULES = YES;
				CLANG_ENABLE_OBJC_ARC = YES;
				CLANG_WARN_BOOL_CONVERSION = YES;
				CLANG_WARN_CONSTANT_CONVERSION = YES;
				CLANG_WARN_DIRECT_OBJC_ISA_USAGE = YES_ERROR;
				CLANG_WARN_DOCUMENTATION_COMMENTS = YES;
				CLANG_WARN_EMPTY_BODY = YES;
				CLANG_WARN_ENUM_CONVERSION = YES;
				CLANG_WARN_INFINITE_RECURSION = YES;
				CLANG_WARN_INT_CONVERSION = YES;
				CLANG_WARN_OBJC_ROOT_CLASS = YES_ERROR;
				CLANG_WARN_SUSPICIOUS_MOVE = YES;
				CLANG_WARN_UNREACHABLE_CODE = YES;
				CLANG_WARN__DUPLICATE_METHOD_MATCH = YES;
				"CODE_SIGN_IDENTITY[sdk=iphoneos*]" = "iPhone Developer";
				COPY_PHASE_STRIP = NO;
				DEBUG_INFORMATION_FORMAT = dwarf;
				ENABLE_STRICT_OBJC_MSGSEND = YES;
				ENABLE_TESTABILITY = YES;
				GCC_C_LANGUAGE_STANDARD = gnu99;
				GCC_DYNAMIC_NO_PIC = NO;
				GCC_NO_COMMON_BLOCKS = YES;
				GCC_OPTIMIZATION_LEVEL = 0;
				GCC_PREPROCESSOR_DEFINITIONS = (
					"DEBUG=1",
					"$(inherited)",
				);
				GCC_WARN_64_TO_32_BIT_CONVERSION = YES;
				GCC_WARN_ABOUT_RETURN_TYPE = YES_ERROR;
				GCC_WARN_UNDECLARED_SELECTOR = YES;
				GCC_WARN_UNINITIALIZED_AUTOS = YES_AGGRESSIVE;
				GCC_WARN_UNUSED_FUNCTION = YES;
				GCC_WARN_UNUSED_VARIABLE = YES;
				IPHONEOS_DEPLOYMENT_TARGET = 10.2;
				MTL_ENABLE_DEBUG_INFO = YES;
				ONLY_ACTIVE_ARCH = YES;
				SDKROOT = iphoneos;
				SWIFT_ACTIVE_COMPILATION_CONDITIONS = DEBUG;
				SWIFT_OPTIMIZATION_LEVEL = "-Onone";
				TARGETED_DEVICE_FAMILY = "1,2";
			};
			name = Debug;
		};
		3F0C994A1E4A3C4600A8FDA4 /* Release */ = {
			isa = XCBuildConfiguration;
			buildSettings = {
				ALWAYS_SEARCH_USER_PATHS = NO;
				CLANG_ANALYZER_NONNULL = YES;
				CLANG_CXX_LANGUAGE_STANDARD = "gnu++0x";
				CLANG_CXX_LIBRARY = "libc++";
				CLANG_ENABLE_MODULES = YES;
				CLANG_ENABLE_OBJC_ARC = YES;
				CLANG_WARN_BOOL_CONVERSION = YES;
				CLANG_WARN_CONSTANT_CONVERSION = YES;
				CLANG_WARN_DIRECT_OBJC_ISA_USAGE = YES_ERROR;
				CLANG_WARN_DOCUMENTATION_COMMENTS = YES;
				CLANG_WARN_EMPTY_BODY = YES;
				CLANG_WARN_ENUM_CONVERSION = YES;
				CLANG_WARN_INFINITE_RECURSION = YES;
				CLANG_WARN_INT_CONVERSION = YES;
				CLANG_WARN_OBJC_ROOT_CLASS = YES_ERROR;
				CLANG_WARN_SUSPICIOUS_MOVE = YES;
				CLANG_WARN_UNREACHABLE_CODE = YES;
				CLANG_WARN__DUPLICATE_METHOD_MATCH = YES;
				"CODE_SIGN_IDENTITY[sdk=iphoneos*]" = "iPhone Developer";
				COPY_PHASE_STRIP = NO;
				DEBUG_INFORMATION_FORMAT = "dwarf-with-dsym";
				ENABLE_NS_ASSERTIONS = NO;
				ENABLE_STRICT_OBJC_MSGSEND = YES;
				GCC_C_LANGUAGE_STANDARD = gnu99;
				GCC_NO_COMMON_BLOCKS = YES;
				GCC_WARN_64_TO_32_BIT_CONVERSION = YES;
				GCC_WARN_ABOUT_RETURN_TYPE = YES_ERROR;
				GCC_WARN_UNDECLARED_SELECTOR = YES;
				GCC_WARN_UNINITIALIZED_AUTOS = YES_AGGRESSIVE;
				GCC_WARN_UNUSED_FUNCTION = YES;
				GCC_WARN_UNUSED_VARIABLE = YES;
				IPHONEOS_DEPLOYMENT_TARGET = 10.2;
				MTL_ENABLE_DEBUG_INFO = NO;
				SDKROOT = iphoneos;
				SWIFT_OPTIMIZATION_LEVEL = "-Owholemodule";
				TARGETED_DEVICE_FAMILY = "1,2";
				VALIDATE_PRODUCT = YES;
			};
			name = Release;
		};
		3F0C994C1E4A3C4600A8FDA4 /* Debug */ = {
			isa = XCBuildConfiguration;
			buildSettings = {
				ASSETCATALOG_COMPILER_APPICON_NAME = AppIcon;
				INFOPLIST_FILE = "College Profile Bulider/Info.plist";
				LD_RUNPATH_SEARCH_PATHS = "$(inherited) @executable_path/Frameworks";
				PRODUCT_BUNDLE_IDENTIFIER = "JM.College-Profile-Bulider";
				PRODUCT_NAME = "$(TARGET_NAME)";
				SWIFT_VERSION = 3.0;
			};
			name = Debug;
		};
		3F0C994D1E4A3C4600A8FDA4 /* Release */ = {
			isa = XCBuildConfiguration;
			buildSettings = {
				ASSETCATALOG_COMPILER_APPICON_NAME = AppIcon;
				INFOPLIST_FILE = "College Profile Bulider/Info.plist";
				LD_RUNPATH_SEARCH_PATHS = "$(inherited) @executable_path/Frameworks";
				PRODUCT_BUNDLE_IDENTIFIER = "JM.College-Profile-Bulider";
				PRODUCT_NAME = "$(TARGET_NAME)";
				SWIFT_VERSION = 3.0;
			};
			name = Release;
		};
		3F0C994F1E4A3C4600A8FDA4 /* Debug */ = {
			isa = XCBuildConfiguration;
			buildSettings = {
				ALWAYS_EMBED_SWIFT_STANDARD_LIBRARIES = YES;
				BUNDLE_LOADER = "$(TEST_HOST)";
				INFOPLIST_FILE = "College Profile BuliderTests/Info.plist";
				LD_RUNPATH_SEARCH_PATHS = "$(inherited) @executable_path/Frameworks @loader_path/Frameworks";
				PRODUCT_BUNDLE_IDENTIFIER = "JM.College-Profile-BuliderTests";
				PRODUCT_NAME = "$(TARGET_NAME)";
				SWIFT_VERSION = 3.0;
				TEST_HOST = "$(BUILT_PRODUCTS_DIR)/College Profile Bulider.app/College Profile Bulider";
			};
			name = Debug;
		};
		3F0C99501E4A3C4600A8FDA4 /* Release */ = {
			isa = XCBuildConfiguration;
			buildSettings = {
				ALWAYS_EMBED_SWIFT_STANDARD_LIBRARIES = YES;
				BUNDLE_LOADER = "$(TEST_HOST)";
				INFOPLIST_FILE = "College Profile BuliderTests/Info.plist";
				LD_RUNPATH_SEARCH_PATHS = "$(inherited) @executable_path/Frameworks @loader_path/Frameworks";
				PRODUCT_BUNDLE_IDENTIFIER = "JM.College-Profile-BuliderTests";
				PRODUCT_NAME = "$(TARGET_NAME)";
				SWIFT_VERSION = 3.0;
				TEST_HOST = "$(BUILT_PRODUCTS_DIR)/College Profile Bulider.app/College Profile Bulider";
			};
			name = Release;
		};
		3F0C99521E4A3C4600A8FDA4 /* Debug */ = {
			isa = XCBuildConfiguration;
			buildSettings = {
				ALWAYS_EMBED_SWIFT_STANDARD_LIBRARIES = YES;
				INFOPLIST_FILE = "College Profile BuliderUITests/Info.plist";
				LD_RUNPATH_SEARCH_PATHS = "$(inherited) @executable_path/Frameworks @loader_path/Frameworks";
				PRODUCT_BUNDLE_IDENTIFIER = "JM.College-Profile-BuliderUITests";
				PRODUCT_NAME = "$(TARGET_NAME)";
				SWIFT_VERSION = 3.0;
				TEST_TARGET_NAME = "College Profile Bulider";
			};
			name = Debug;
		};
		3F0C99531E4A3C4600A8FDA4 /* Release */ = {
			isa = XCBuildConfiguration;
			buildSettings = {
				ALWAYS_EMBED_SWIFT_STANDARD_LIBRARIES = YES;
				INFOPLIST_FILE = "College Profile BuliderUITests/Info.plist";
				LD_RUNPATH_SEARCH_PATHS = "$(inherited) @executable_path/Frameworks @loader_path/Frameworks";
				PRODUCT_BUNDLE_IDENTIFIER = "JM.College-Profile-BuliderUITests";
				PRODUCT_NAME = "$(TARGET_NAME)";
				SWIFT_VERSION = 3.0;
				TEST_TARGET_NAME = "College Profile Bulider";
			};
			name = Release;
		};
/* End XCBuildConfiguration section */

/* Begin XCConfigurationList section */
		3F0C991C1E4A3C4500A8FDA4 /* Build configuration list for PBXProject "College Profile Bulider" */ = {
			isa = XCConfigurationList;
			buildConfigurations = (
				3F0C99491E4A3C4600A8FDA4 /* Debug */,
				3F0C994A1E4A3C4600A8FDA4 /* Release */,
			);
			defaultConfigurationIsVisible = 0;
			defaultConfigurationName = Release;
		};
		3F0C994B1E4A3C4600A8FDA4 /* Build configuration list for PBXNativeTarget "College Profile Bulider" */ = {
			isa = XCConfigurationList;
			buildConfigurations = (
				3F0C994C1E4A3C4600A8FDA4 /* Debug */,
				3F0C994D1E4A3C4600A8FDA4 /* Release */,
			);
			defaultConfigurationIsVisible = 0;
		};
		3F0C994E1E4A3C4600A8FDA4 /* Build configuration list for PBXNativeTarget "College Profile BuliderTests" */ = {
			isa = XCConfigurationList;
			buildConfigurations = (
				3F0C994F1E4A3C4600A8FDA4 /* Debug */,
				3F0C99501E4A3C4600A8FDA4 /* Release */,
			);
			defaultConfigurationIsVisible = 0;
		};
		3F0C99511E4A3C4600A8FDA4 /* Build configuration list for PBXNativeTarget "College Profile BuliderUITests" */ = {
			isa = XCConfigurationList;
			buildConfigurations = (
				3F0C99521E4A3C4600A8FDA4 /* Debug */,
				3F0C99531E4A3C4600A8FDA4 /* Release */,
			);
			defaultConfigurationIsVisible = 0;
		};
/* End XCConfigurationList section */
	};
	rootObject = 3F0C99191E4A3C4500A8FDA4 /* Project object */;
}
